
Microsoft Visual Studio Solution File, Format Version 12.00
# Visual Studio 15
VisualStudioVersion = 15.0.28307.168
MinimumVisualStudioVersion = 10.0.40219.1
Project("{9A19103F-16F7-4668-BE54-9A1E7A4F7556}") = "StacksQueues", "StacksQueues\StacksQueues.csproj", "{61EBCC57-7F71-40BF-8A0C-9468105025FA}"
EndProject
Project("{FAE04EC0-301F-11D3-BF4B-00C04F79EFBC}") = "StacksTests", "StacksTests\StacksTests.csproj", "{3AF60682-AB5C-430A-8B1D-697A70C54C96}"
EndProject
Project("{FAE04EC0-301F-11D3-BF4B-00C04F79EFBC}") = "QueuesTests", "QueuesTests\QueuesTests.csproj", "{31233C31-CA75-4EAA-9791-87B66C8DC263}"
EndProject
Global
	GlobalSection(SolutionConfigurationPlatforms) = preSolution
		Debug|Any CPU = Debug|Any CPU
		Release|Any CPU = Release|Any CPU
	EndGlobalSection
	GlobalSection(ProjectConfigurationPlatforms) = postSolution
		{61EBCC57-7F71-40BF-8A0C-9468105025FA}.Debug|Any CPU.ActiveCfg = Debug|Any CPU
		{61EBCC57-7F71-40BF-8A0C-9468105025FA}.Debug|Any CPU.Build.0 = Debug|Any CPU
		{61EBCC57-7F71-40BF-8A0C-9468105025FA}.Release|Any CPU.ActiveCfg = Release|Any CPU
		{61EBCC57-7F71-40BF-8A0C-9468105025FA}.Release|Any CPU.Build.0 = Release|Any CPU
		{3AF60682-AB5C-430A-8B1D-697A70C54C96}.Debug|Any CPU.ActiveCfg = Debug|Any CPU
		{3AF60682-AB5C-430A-8B1D-697A70C54C96}.Debug|Any CPU.Build.0 = Debug|Any CPU
		{3AF60682-AB5C-430A-8B1D-697A70C54C96}.Release|Any CPU.ActiveCfg = Release|Any CPU
		{3AF60682-AB5C-430A-8B1D-697A70C54C96}.Release|Any CPU.Build.0 = Release|Any CPU
		{31233C31-CA75-4EAA-9791-87B66C8DC263}.Debug|Any CPU.ActiveCfg = Debug|Any CPU
		{31233C31-CA75-4EAA-9791-87B66C8DC263}.Debug|Any CPU.Build.0 = Debug|Any CPU
		{31233C31-CA75-4EAA-9791-87B66C8DC263}.Release|Any CPU.ActiveCfg = Release|Any CPU
		{31233C31-CA75-4EAA-9791-87B66C8DC263}.Release|Any CPU.Build.0 = Release|Any CPU
	EndGlobalSection
	GlobalSection(SolutionProperties) = preSolution
		HideSolutionNode = FALSE
	EndGlobalSection
	GlobalSection(ExtensibilityGlobals) = postSolution
		SolutionGuid = {1A1F480C-7100-440D-9CCF-9A5880D463C2}
	EndGlobalSection
EndGlobal
