
Microsoft Visual Studio Solution File, Format Version 12.00
# Visual Studio 15
VisualStudioVersion = 15.0.28307.421
MinimumVisualStudioVersion = 10.0.40219.1
Project("{FAE04EC0-301F-11D3-BF4B-00C04F79EFBC}") = "GraphGetEdgesChallenge", "GraphGetEdgesChallenge\GraphGetEdgesChallenge.csproj", "{438A2BE7-11A5-4509-B978-B17D86FA1072}"
EndProject
Global
	GlobalSection(SolutionConfigurationPlatforms) = preSolution
		Debug|Any CPU = Debug|Any CPU
		Release|Any CPU = Release|Any CPU
	EndGlobalSection
	GlobalSection(ProjectConfigurationPlatforms) = postSolution
		{438A2BE7-11A5-4509-B978-B17D86FA1072}.Debug|Any CPU.ActiveCfg = Debug|Any CPU
		{438A2BE7-11A5-4509-B978-B17D86FA1072}.Debug|Any CPU.Build.0 = Debug|Any CPU
		{438A2BE7-11A5-4509-B978-B17D86FA1072}.Release|Any CPU.ActiveCfg = Release|Any CPU
		{438A2BE7-11A5-4509-B978-B17D86FA1072}.Release|Any CPU.Build.0 = Release|Any CPU
	EndGlobalSection
	GlobalSection(SolutionProperties) = preSolution
		HideSolutionNode = FALSE
	EndGlobalSection
	GlobalSection(ExtensibilityGlobals) = postSolution
		SolutionGuid = {8489423D-FC97-4FAF-91D7-459A35E35635}
	EndGlobalSection
EndGlobal
