
Microsoft Visual Studio Solution File, Format Version 12.00
# Visual Studio 15
VisualStudioVersion = 15.0.28307.168
MinimumVisualStudioVersion = 10.0.40219.1
Project("{9A19103F-16F7-4668-BE54-9A1E7A4F7556}") = "FizzBuzzTree", "FizzBuzzTree\FizzBuzzTree.csproj", "{53ADAE3A-27B4-42A3-B046-031F16D441D8}"
EndProject
Project("{FAE04EC0-301F-11D3-BF4B-00C04F79EFBC}") = "FizzBuzzTreeTests", "FizzBuzzTreeTests\FizzBuzzTreeTests.csproj", "{33F257E7-10EA-418B-A26A-A7B1C94FEC08}"
EndProject
Global
	GlobalSection(SolutionConfigurationPlatforms) = preSolution
		Debug|Any CPU = Debug|Any CPU
		Release|Any CPU = Release|Any CPU
	EndGlobalSection
	GlobalSection(ProjectConfigurationPlatforms) = postSolution
		{53ADAE3A-27B4-42A3-B046-031F16D441D8}.Debug|Any CPU.ActiveCfg = Debug|Any CPU
		{53ADAE3A-27B4-42A3-B046-031F16D441D8}.Debug|Any CPU.Build.0 = Debug|Any CPU
		{53ADAE3A-27B4-42A3-B046-031F16D441D8}.Release|Any CPU.ActiveCfg = Release|Any CPU
		{53ADAE3A-27B4-42A3-B046-031F16D441D8}.Release|Any CPU.Build.0 = Release|Any CPU
		{33F257E7-10EA-418B-A26A-A7B1C94FEC08}.Debug|Any CPU.ActiveCfg = Debug|Any CPU
		{33F257E7-10EA-418B-A26A-A7B1C94FEC08}.Debug|Any CPU.Build.0 = Debug|Any CPU
		{33F257E7-10EA-418B-A26A-A7B1C94FEC08}.Release|Any CPU.ActiveCfg = Release|Any CPU
		{33F257E7-10EA-418B-A26A-A7B1C94FEC08}.Release|Any CPU.Build.0 = Release|Any CPU
	EndGlobalSection
	GlobalSection(SolutionProperties) = preSolution
		HideSolutionNode = FALSE
	EndGlobalSection
	GlobalSection(ExtensibilityGlobals) = postSolution
		SolutionGuid = {6FFF77C6-47BF-4B8E-98CE-27B17FFFDED7}
	EndGlobalSection
EndGlobal
