
Microsoft Visual Studio Solution File, Format Version 12.00
# Visual Studio 15
VisualStudioVersion = 15.0.28307.168
MinimumVisualStudioVersion = 10.0.40219.1
Project("{FAE04EC0-301F-11D3-BF4B-00C04F79EFBC}") = "BreadthFirst", "BreadthFirst\BreadthFirst.csproj", "{D59BCC34-E5E4-4B2E-A9E2-3FC3D980A71A}"
EndProject
Project("{FAE04EC0-301F-11D3-BF4B-00C04F79EFBC}") = "BreadthFirstTests", "BreadthFirstTests\BreadthFirstTests.csproj", "{5C5C3A73-EE8B-49C5-B59E-04791A2C3644}"
EndProject
Global
	GlobalSection(SolutionConfigurationPlatforms) = preSolution
		Debug|Any CPU = Debug|Any CPU
		Release|Any CPU = Release|Any CPU
	EndGlobalSection
	GlobalSection(ProjectConfigurationPlatforms) = postSolution
		{D59BCC34-E5E4-4B2E-A9E2-3FC3D980A71A}.Debug|Any CPU.ActiveCfg = Debug|Any CPU
		{D59BCC34-E5E4-4B2E-A9E2-3FC3D980A71A}.Debug|Any CPU.Build.0 = Debug|Any CPU
		{D59BCC34-E5E4-4B2E-A9E2-3FC3D980A71A}.Release|Any CPU.ActiveCfg = Release|Any CPU
		{D59BCC34-E5E4-4B2E-A9E2-3FC3D980A71A}.Release|Any CPU.Build.0 = Release|Any CPU
		{5C5C3A73-EE8B-49C5-B59E-04791A2C3644}.Debug|Any CPU.ActiveCfg = Debug|Any CPU
		{5C5C3A73-EE8B-49C5-B59E-04791A2C3644}.Debug|Any CPU.Build.0 = Debug|Any CPU
		{5C5C3A73-EE8B-49C5-B59E-04791A2C3644}.Release|Any CPU.ActiveCfg = Release|Any CPU
		{5C5C3A73-EE8B-49C5-B59E-04791A2C3644}.Release|Any CPU.Build.0 = Release|Any CPU
	EndGlobalSection
	GlobalSection(SolutionProperties) = preSolution
		HideSolutionNode = FALSE
	EndGlobalSection
	GlobalSection(ExtensibilityGlobals) = postSolution
		SolutionGuid = {6D25B580-9CC0-41BE-AC77-20694A876DD5}
	EndGlobalSection
EndGlobal
