
Microsoft Visual Studio Solution File, Format Version 12.00
# Visual Studio 15
VisualStudioVersion = 15.0.28307.168
MinimumVisualStudioVersion = 10.0.40219.1
Project("{FAE04EC0-301F-11D3-BF4B-00C04F79EFBC}") = "InsertShiftArray", "InsertShiftArray\InsertShiftArray.csproj", "{7C88D902-542E-4171-BE29-104B273C6F6F}"
EndProject
Project("{FAE04EC0-301F-11D3-BF4B-00C04F79EFBC}") = "InsertShiftArrayTest", "InsertShiftArrayTest\InsertShiftArrayTest.csproj", "{8FDD8DFD-06CF-4B7C-A9D4-A7403B19F7C8}"
EndProject
Global
	GlobalSection(SolutionConfigurationPlatforms) = preSolution
		Debug|Any CPU = Debug|Any CPU
		Release|Any CPU = Release|Any CPU
	EndGlobalSection
	GlobalSection(ProjectConfigurationPlatforms) = postSolution
		{7C88D902-542E-4171-BE29-104B273C6F6F}.Debug|Any CPU.ActiveCfg = Debug|Any CPU
		{7C88D902-542E-4171-BE29-104B273C6F6F}.Debug|Any CPU.Build.0 = Debug|Any CPU
		{7C88D902-542E-4171-BE29-104B273C6F6F}.Release|Any CPU.ActiveCfg = Release|Any CPU
		{7C88D902-542E-4171-BE29-104B273C6F6F}.Release|Any CPU.Build.0 = Release|Any CPU
		{8FDD8DFD-06CF-4B7C-A9D4-A7403B19F7C8}.Debug|Any CPU.ActiveCfg = Debug|Any CPU
		{8FDD8DFD-06CF-4B7C-A9D4-A7403B19F7C8}.Debug|Any CPU.Build.0 = Debug|Any CPU
		{8FDD8DFD-06CF-4B7C-A9D4-A7403B19F7C8}.Release|Any CPU.ActiveCfg = Release|Any CPU
		{8FDD8DFD-06CF-4B7C-A9D4-A7403B19F7C8}.Release|Any CPU.Build.0 = Release|Any CPU
	EndGlobalSection
	GlobalSection(SolutionProperties) = preSolution
		HideSolutionNode = FALSE
	EndGlobalSection
	GlobalSection(ExtensibilityGlobals) = postSolution
		SolutionGuid = {E3CE8B2A-BFB7-4C94-8A45-16782C09269B}
	EndGlobalSection
EndGlobal
