
Microsoft Visual Studio Solution File, Format Version 12.00
# Visual Studio 15
VisualStudioVersion = 15.0.28307.168
MinimumVisualStudioVersion = 10.0.40219.1
Project("{9A19103F-16F7-4668-BE54-9A1E7A4F7556}") = "LinkedList", "LinkList\LinkedList.csproj", "{8BFD5399-E1B4-4481-977C-3B0C07CABF02}"
EndProject
Project("{9A19103F-16F7-4668-BE54-9A1E7A4F7556}") = "LinkListTests", "LinkListTests\LinkListTests.csproj", "{35449DA1-B0F9-448F-A14C-70428EFE9B9C}"
EndProject
Global
	GlobalSection(SolutionConfigurationPlatforms) = preSolution
		Debug|Any CPU = Debug|Any CPU
		Release|Any CPU = Release|Any CPU
	EndGlobalSection
	GlobalSection(ProjectConfigurationPlatforms) = postSolution
		{8BFD5399-E1B4-4481-977C-3B0C07CABF02}.Debug|Any CPU.ActiveCfg = Debug|Any CPU
		{8BFD5399-E1B4-4481-977C-3B0C07CABF02}.Debug|Any CPU.Build.0 = Debug|Any CPU
		{8BFD5399-E1B4-4481-977C-3B0C07CABF02}.Release|Any CPU.ActiveCfg = Release|Any CPU
		{8BFD5399-E1B4-4481-977C-3B0C07CABF02}.Release|Any CPU.Build.0 = Release|Any CPU
		{35449DA1-B0F9-448F-A14C-70428EFE9B9C}.Debug|Any CPU.ActiveCfg = Debug|Any CPU
		{35449DA1-B0F9-448F-A14C-70428EFE9B9C}.Debug|Any CPU.Build.0 = Debug|Any CPU
		{35449DA1-B0F9-448F-A14C-70428EFE9B9C}.Release|Any CPU.ActiveCfg = Release|Any CPU
		{35449DA1-B0F9-448F-A14C-70428EFE9B9C}.Release|Any CPU.Build.0 = Release|Any CPU
	EndGlobalSection
	GlobalSection(SolutionProperties) = preSolution
		HideSolutionNode = FALSE
	EndGlobalSection
	GlobalSection(ExtensibilityGlobals) = postSolution
		SolutionGuid = {87A9B68B-D9A9-46D6-B980-D95ABE3E2B9D}
	EndGlobalSection
EndGlobal
