
Microsoft Visual Studio Solution File, Format Version 12.00
# Visual Studio 15
VisualStudioVersion = 15.0.28307.168
MinimumVisualStudioVersion = 10.0.40219.1
Project("{9A19103F-16F7-4668-BE54-9A1E7A4F7556}") = "BinaryTreeHeight", "BinaryTreeHeight\BinaryTreeHeight.csproj", "{7D12642F-429C-4391-9B2C-64F75A46152F}"
EndProject
Project("{FAE04EC0-301F-11D3-BF4B-00C04F79EFBC}") = "BinaryTreeHeightTests", "BinaryTreeHeightTests\BinaryTreeHeightTests.csproj", "{2C684200-D307-45CB-9F1A-758C8C0CC3EE}"
EndProject
Global
	GlobalSection(SolutionConfigurationPlatforms) = preSolution
		Debug|Any CPU = Debug|Any CPU
		Release|Any CPU = Release|Any CPU
	EndGlobalSection
	GlobalSection(ProjectConfigurationPlatforms) = postSolution
		{7D12642F-429C-4391-9B2C-64F75A46152F}.Debug|Any CPU.ActiveCfg = Debug|Any CPU
		{7D12642F-429C-4391-9B2C-64F75A46152F}.Debug|Any CPU.Build.0 = Debug|Any CPU
		{7D12642F-429C-4391-9B2C-64F75A46152F}.Release|Any CPU.ActiveCfg = Release|Any CPU
		{7D12642F-429C-4391-9B2C-64F75A46152F}.Release|Any CPU.Build.0 = Release|Any CPU
		{2C684200-D307-45CB-9F1A-758C8C0CC3EE}.Debug|Any CPU.ActiveCfg = Debug|Any CPU
		{2C684200-D307-45CB-9F1A-758C8C0CC3EE}.Debug|Any CPU.Build.0 = Debug|Any CPU
		{2C684200-D307-45CB-9F1A-758C8C0CC3EE}.Release|Any CPU.ActiveCfg = Release|Any CPU
		{2C684200-D307-45CB-9F1A-758C8C0CC3EE}.Release|Any CPU.Build.0 = Release|Any CPU
	EndGlobalSection
	GlobalSection(SolutionProperties) = preSolution
		HideSolutionNode = FALSE
	EndGlobalSection
	GlobalSection(ExtensibilityGlobals) = postSolution
		SolutionGuid = {9F105513-C5A4-40BA-9F38-B456547531BB}
	EndGlobalSection
EndGlobal
